
Microsoft Visual Studio Solution File, Format Version 12.00
# Visual Studio 15
VisualStudioVersion = 15.0.27703.2035
MinimumVisualStudioVersion = 10.0.40219.1
Project("{FAE04EC0-301F-11D3-BF4B-00C04F79EFBC}") = "App1.Android", "App1\App1.Android\App1.Android.csproj", "{9A3F9819-47D7-44D9-80EC-D0EBD725050F}"
EndProject
Project("{FAE04EC0-301F-11D3-BF4B-00C04F79EFBC}") = "App1.iOS", "App1\App1.iOS\App1.iOS.csproj", "{10FAA333-F0EB-4739-8137-55F96EB7275D}"
EndProject
Project("{FAE04EC0-301F-11D3-BF4B-00C04F79EFBC}") = "App1.UWP", "App1\App1.UWP\App1.UWP.csproj", "{B0F6D3FB-B090-4899-9417-A132C6CFF0E3}"
EndProject
Project("{FAE04EC0-301F-11D3-BF4B-00C04F79EFBC}") = "App1", "App1\App1\App1.csproj", "{880C7C52-A81F-4255-98C1-ECCD682ECA13}"
EndProject
Global
	GlobalSection(SolutionConfigurationPlatforms) = preSolution
		Ad-Hoc|Any CPU = Ad-Hoc|Any CPU
		Ad-Hoc|ARM = Ad-Hoc|ARM
		Ad-Hoc|iPhone = Ad-Hoc|iPhone
		Ad-Hoc|iPhoneSimulator = Ad-Hoc|iPhoneSimulator
		Ad-Hoc|x64 = Ad-Hoc|x64
		Ad-Hoc|x86 = Ad-Hoc|x86
		AppStore|Any CPU = AppStore|Any CPU
		AppStore|ARM = AppStore|ARM
		AppStore|iPhone = AppStore|iPhone
		AppStore|iPhoneSimulator = AppStore|iPhoneSimulator
		AppStore|x64 = AppStore|x64
		AppStore|x86 = AppStore|x86
		Debug|Any CPU = Debug|Any CPU
		Debug|ARM = Debug|ARM
		Debug|iPhone = Debug|iPhone
		Debug|iPhoneSimulator = Debug|iPhoneSimulator
		Debug|x64 = Debug|x64
		Debug|x86 = Debug|x86
		Release|Any CPU = Release|Any CPU
		Release|ARM = Release|ARM
		Release|iPhone = Release|iPhone
		Release|iPhoneSimulator = Release|iPhoneSimulator
		Release|x64 = Release|x64
		Release|x86 = Release|x86
	EndGlobalSection
	GlobalSection(ProjectConfigurationPlatforms) = postSolution
		{9A3F9819-47D7-44D9-80EC-D0EBD725050F}.Ad-Hoc|Any CPU.ActiveCfg = Release|Any CPU
		{9A3F9819-47D7-44D9-80EC-D0EBD725050F}.Ad-Hoc|Any CPU.Build.0 = Release|Any CPU
		{9A3F9819-47D7-44D9-80EC-D0EBD725050F}.Ad-Hoc|Any CPU.Deploy.0 = Release|Any CPU
		{9A3F9819-47D7-44D9-80EC-D0EBD725050F}.Ad-Hoc|ARM.ActiveCfg = Release|Any CPU
		{9A3F9819-47D7-44D9-80EC-D0EBD725050F}.Ad-Hoc|ARM.Build.0 = Release|Any CPU
		{9A3F9819-47D7-44D9-80EC-D0EBD725050F}.Ad-Hoc|ARM.Deploy.0 = Release|Any CPU
		{9A3F9819-47D7-44D9-80EC-D0EBD725050F}.Ad-Hoc|iPhone.ActiveCfg = Release|Any CPU
		{9A3F9819-47D7-44D9-80EC-D0EBD725050F}.Ad-Hoc|iPhone.Build.0 = Release|Any CPU
		{9A3F9819-47D7-44D9-80EC-D0EBD725050F}.Ad-Hoc|iPhone.Deploy.0 = Release|Any CPU
		{9A3F9819-47D7-44D9-80EC-D0EBD725050F}.Ad-Hoc|iPhoneSimulator.ActiveCfg = Release|Any CPU
		{9A3F9819-47D7-44D9-80EC-D0EBD725050F}.Ad-Hoc|iPhoneSimulator.Build.0 = Release|Any CPU
		{9A3F9819-47D7-44D9-80EC-D0EBD725050F}.Ad-Hoc|iPhoneSimulator.Deploy.0 = Release|Any CPU
		{9A3F9819-47D7-44D9-80EC-D0EBD725050F}.Ad-Hoc|x64.ActiveCfg = Release|Any CPU
		{9A3F9819-47D7-44D9-80EC-D0EBD725050F}.Ad-Hoc|x64.Build.0 = Release|Any CPU
		{9A3F9819-47D7-44D9-80EC-D0EBD725050F}.Ad-Hoc|x64.Deploy.0 = Release|Any CPU
		{9A3F9819-47D7-44D9-80EC-D0EBD725050F}.Ad-Hoc|x86.ActiveCfg = Release|Any CPU
		{9A3F9819-47D7-44D9-80EC-D0EBD725050F}.Ad-Hoc|x86.Build.0 = Release|Any CPU
		{9A3F9819-47D7-44D9-80EC-D0EBD725050F}.Ad-Hoc|x86.Deploy.0 = Release|Any CPU
		{9A3F9819-47D7-44D9-80EC-D0EBD725050F}.AppStore|Any CPU.ActiveCfg = Release|Any CPU
		{9A3F9819-47D7-44D9-80EC-D0EBD725050F}.AppStore|Any CPU.Build.0 = Release|Any CPU
		{9A3F9819-47D7-44D9-80EC-D0EBD725050F}.AppStore|Any CPU.Deploy.0 = Release|Any CPU
		{9A3F9819-47D7-44D9-80EC-D0EBD725050F}.AppStore|ARM.ActiveCfg = Release|Any CPU
		{9A3F9819-47D7-44D9-80EC-D0EBD725050F}.AppStore|ARM.Build.0 = Release|Any CPU
		{9A3F9819-47D7-44D9-80EC-D0EBD725050F}.AppStore|ARM.Deploy.0 = Release|Any CPU
		{9A3F9819-47D7-44D9-80EC-D0EBD725050F}.AppStore|iPhone.ActiveCfg = Release|Any CPU
		{9A3F9819-47D7-44D9-80EC-D0EBD725050F}.AppStore|iPhone.Build.0 = Release|Any CPU
		{9A3F9819-47D7-44D9-80EC-D0EBD725050F}.AppStore|iPhone.Deploy.0 = Release|Any CPU
		{9A3F9819-47D7-44D9-80EC-D0EBD725050F}.AppStore|iPhoneSimulator.ActiveCfg = Release|Any CPU
		{9A3F9819-47D7-44D9-80EC-D0EBD725050F}.AppStore|iPhoneSimulator.Build.0 = Release|Any CPU
		{9A3F9819-47D7-44D9-80EC-D0EBD725050F}.AppStore|iPhoneSimulator.Deploy.0 = Release|Any CPU
		{9A3F9819-47D7-44D9-80EC-D0EBD725050F}.AppStore|x64.ActiveCfg = Release|Any CPU
		{9A3F9819-47D7-44D9-80EC-D0EBD725050F}.AppStore|x64.Build.0 = Release|Any CPU
		{9A3F9819-47D7-44D9-80EC-D0EBD725050F}.AppStore|x64.Deploy.0 = Release|Any CPU
		{9A3F9819-47D7-44D9-80EC-D0EBD725050F}.AppStore|x86.ActiveCfg = Release|Any CPU
		{9A3F9819-47D7-44D9-80EC-D0EBD725050F}.AppStore|x86.Build.0 = Release|Any CPU
		{9A3F9819-47D7-44D9-80EC-D0EBD725050F}.AppStore|x86.Deploy.0 = Release|Any CPU
		{9A3F9819-47D7-44D9-80EC-D0EBD725050F}.Debug|Any CPU.ActiveCfg = Debug|Any CPU
		{9A3F9819-47D7-44D9-80EC-D0EBD725050F}.Debug|Any CPU.Build.0 = Debug|Any CPU
		{9A3F9819-47D7-44D9-80EC-D0EBD725050F}.Debug|Any CPU.Deploy.0 = Debug|Any CPU
		{9A3F9819-47D7-44D9-80EC-D0EBD725050F}.Debug|ARM.ActiveCfg = Debug|Any CPU
		{9A3F9819-47D7-44D9-80EC-D0EBD725050F}.Debug|ARM.Build.0 = Debug|Any CPU
		{9A3F9819-47D7-44D9-80EC-D0EBD725050F}.Debug|ARM.Deploy.0 = Debug|Any CPU
		{9A3F9819-47D7-44D9-80EC-D0EBD725050F}.Debug|iPhone.ActiveCfg = Debug|Any CPU
		{9A3F9819-47D7-44D9-80EC-D0EBD725050F}.Debug|iPhone.Build.0 = Debug|Any CPU
		{9A3F9819-47D7-44D9-80EC-D0EBD725050F}.Debug|iPhone.Deploy.0 = Debug|Any CPU
		{9A3F9819-47D7-44D9-80EC-D0EBD725050F}.Debug|iPhoneSimulator.ActiveCfg = Debug|Any CPU
		{9A3F9819-47D7-44D9-80EC-D0EBD725050F}.Debug|iPhoneSimulator.Build.0 = Debug|Any CPU
		{9A3F9819-47D7-44D9-80EC-D0EBD725050F}.Debug|iPhoneSimulator.Deploy.0 = Debug|Any CPU
		{9A3F9819-47D7-44D9-80EC-D0EBD725050F}.Debug|x64.ActiveCfg = Debug|Any CPU
		{9A3F9819-47D7-44D9-80EC-D0EBD725050F}.Debug|x64.Build.0 = Debug|Any CPU
		{9A3F9819-47D7-44D9-80EC-D0EBD725050F}.Debug|x64.Deploy.0 = Debug|Any CPU
		{9A3F9819-47D7-44D9-80EC-D0EBD725050F}.Debug|x86.ActiveCfg = Debug|Any CPU
		{9A3F9819-47D7-44D9-80EC-D0EBD725050F}.Debug|x86.Build.0 = Debug|Any CPU
		{9A3F9819-47D7-44D9-80EC-D0EBD725050F}.Debug|x86.Deploy.0 = Debug|Any CPU
		{9A3F9819-47D7-44D9-80EC-D0EBD725050F}.Release|Any CPU.ActiveCfg = Release|Any CPU
		{9A3F9819-47D7-44D9-80EC-D0EBD725050F}.Release|Any CPU.Build.0 = Release|Any CPU
		{9A3F9819-47D7-44D9-80EC-D0EBD725050F}.Release|Any CPU.Deploy.0 = Release|Any CPU
		{9A3F9819-47D7-44D9-80EC-D0EBD725050F}.Release|ARM.ActiveCfg = Release|Any CPU
		{9A3F9819-47D7-44D9-80EC-D0EBD725050F}.Release|ARM.Build.0 = Release|Any CPU
		{9A3F9819-47D7-44D9-80EC-D0EBD725050F}.Release|ARM.Deploy.0 = Release|Any CPU
		{9A3F9819-47D7-44D9-80EC-D0EBD725050F}.Release|iPhone.ActiveCfg = Release|Any CPU
		{9A3F9819-47D7-44D9-80EC-D0EBD725050F}.Release|iPhone.Build.0 = Release|Any CPU
		{9A3F9819-47D7-44D9-80EC-D0EBD725050F}.Release|iPhone.Deploy.0 = Release|Any CPU
		{9A3F9819-47D7-44D9-80EC-D0EBD725050F}.Release|iPhoneSimulator.ActiveCfg = Release|Any CPU
		{9A3F9819-47D7-44D9-80EC-D0EBD725050F}.Release|iPhoneSimulator.Build.0 = Release|Any CPU
		{9A3F9819-47D7-44D9-80EC-D0EBD725050F}.Release|iPhoneSimulator.Deploy.0 = Release|Any CPU
		{9A3F9819-47D7-44D9-80EC-D0EBD725050F}.Release|x64.ActiveCfg = Release|Any CPU
		{9A3F9819-47D7-44D9-80EC-D0EBD725050F}.Release|x64.Build.0 = Release|Any CPU
		{9A3F9819-47D7-44D9-80EC-D0EBD725050F}.Release|x64.Deploy.0 = Release|Any CPU
		{9A3F9819-47D7-44D9-80EC-D0EBD725050F}.Release|x86.ActiveCfg = Release|Any CPU
		{9A3F9819-47D7-44D9-80EC-D0EBD725050F}.Release|x86.Build.0 = Release|Any CPU
		{9A3F9819-47D7-44D9-80EC-D0EBD725050F}.Release|x86.Deploy.0 = Release|Any CPU
		{10FAA333-F0EB-4739-8137-55F96EB7275D}.Ad-Hoc|Any CPU.ActiveCfg = Ad-Hoc|iPhone
		{10FAA333-F0EB-4739-8137-55F96EB7275D}.Ad-Hoc|Any CPU.Build.0 = Ad-Hoc|iPhone
		{10FAA333-F0EB-4739-8137-55F96EB7275D}.Ad-Hoc|Any CPU.Deploy.0 = Ad-Hoc|iPhone
		{10FAA333-F0EB-4739-8137-55F96EB7275D}.Ad-Hoc|ARM.ActiveCfg = Ad-Hoc|iPhone
		{10FAA333-F0EB-4739-8137-55F96EB7275D}.Ad-Hoc|ARM.Build.0 = Ad-Hoc|iPhone
		{10FAA333-F0EB-4739-8137-55F96EB7275D}.Ad-Hoc|ARM.Deploy.0 = Ad-Hoc|iPhone
		{10FAA333-F0EB-4739-8137-55F96EB7275D}.Ad-Hoc|iPhone.ActiveCfg = Ad-Hoc|iPhone
		{10FAA333-F0EB-4739-8137-55F96EB7275D}.Ad-Hoc|iPhone.Build.0 = Ad-Hoc|iPhone
		{10FAA333-F0EB-4739-8137-55F96EB7275D}.Ad-Hoc|iPhone.Deploy.0 = Ad-Hoc|iPhone
		{10FAA333-F0EB-4739-8137-55F96EB7275D}.Ad-Hoc|iPhoneSimulator.ActiveCfg = Ad-Hoc|iPhoneSimulator
		{10FAA333-F0EB-4739-8137-55F96EB7275D}.Ad-Hoc|iPhoneSimulator.Build.0 = Ad-Hoc|iPhoneSimulator
		{10FAA333-F0EB-4739-8137-55F96EB7275D}.Ad-Hoc|iPhoneSimulator.Deploy.0 = Ad-Hoc|iPhoneSimulator
		{10FAA333-F0EB-4739-8137-55F96EB7275D}.Ad-Hoc|x64.ActiveCfg = Ad-Hoc|iPhone
		{10FAA333-F0EB-4739-8137-55F96EB7275D}.Ad-Hoc|x64.Build.0 = Ad-Hoc|iPhone
		{10FAA333-F0EB-4739-8137-55F96EB7275D}.Ad-Hoc|x64.Deploy.0 = Ad-Hoc|iPhone
		{10FAA333-F0EB-4739-8137-55F96EB7275D}.Ad-Hoc|x86.ActiveCfg = Ad-Hoc|iPhone
		{10FAA333-F0EB-4739-8137-55F96EB7275D}.Ad-Hoc|x86.Build.0 = Ad-Hoc|iPhone
		{10FAA333-F0EB-4739-8137-55F96EB7275D}.Ad-Hoc|x86.Deploy.0 = Ad-Hoc|iPhone
		{10FAA333-F0EB-4739-8137-55F96EB7275D}.AppStore|Any CPU.ActiveCfg = AppStore|iPhone
		{10FAA333-F0EB-4739-8137-55F96EB7275D}.AppStore|Any CPU.Build.0 = AppStore|iPhone
		{10FAA333-F0EB-4739-8137-55F96EB7275D}.AppStore|Any CPU.Deploy.0 = AppStore|iPhone
		{10FAA333-F0EB-4739-8137-55F96EB7275D}.AppStore|ARM.ActiveCfg = AppStore|iPhone
		{10FAA333-F0EB-4739-8137-55F96EB7275D}.AppStore|ARM.Build.0 = AppStore|iPhone
		{10FAA333-F0EB-4739-8137-55F96EB7275D}.AppStore|ARM.Deploy.0 = AppStore|iPhone
		{10FAA333-F0EB-4739-8137-55F96EB7275D}.AppStore|iPhone.ActiveCfg = AppStore|iPhone
		{10FAA333-F0EB-4739-8137-55F96EB7275D}.AppStore|iPhone.Build.0 = AppStore|iPhone
		{10FAA333-F0EB-4739-8137-55F96EB7275D}.AppStore|iPhone.Deploy.0 = AppStore|iPhone
		{10FAA333-F0EB-4739-8137-55F96EB7275D}.AppStore|iPhoneSimulator.ActiveCfg = AppStore|iPhoneSimulator
		{10FAA333-F0EB-4739-8137-55F96EB7275D}.AppStore|iPhoneSimulator.Build.0 = AppStore|iPhoneSimulator
		{10FAA333-F0EB-4739-8137-55F96EB7275D}.AppStore|iPhoneSimulator.Deploy.0 = AppStore|iPhoneSimulator
		{10FAA333-F0EB-4739-8137-55F96EB7275D}.AppStore|x64.ActiveCfg = AppStore|iPhone
		{10FAA333-F0EB-4739-8137-55F96EB7275D}.AppStore|x64.Build.0 = AppStore|iPhone
		{10FAA333-F0EB-4739-8137-55F96EB7275D}.AppStore|x64.Deploy.0 = AppStore|iPhone
		{10FAA333-F0EB-4739-8137-55F96EB7275D}.AppStore|x86.ActiveCfg = AppStore|iPhone
		{10FAA333-F0EB-4739-8137-55F96EB7275D}.AppStore|x86.Build.0 = AppStore|iPhone
		{10FAA333-F0EB-4739-8137-55F96EB7275D}.AppStore|x86.Deploy.0 = AppStore|iPhone
		{10FAA333-F0EB-4739-8137-55F96EB7275D}.Debug|Any CPU.ActiveCfg = Debug|iPhoneSimulator
		{10FAA333-F0EB-4739-8137-55F96EB7275D}.Debug|Any CPU.Build.0 = Debug|iPhoneSimulator
		{10FAA333-F0EB-4739-8137-55F96EB7275D}.Debug|Any CPU.Deploy.0 = Debug|iPhoneSimulator
		{10FAA333-F0EB-4739-8137-55F96EB7275D}.Debug|ARM.ActiveCfg = Debug|iPhone
		{10FAA333-F0EB-4739-8137-55F96EB7275D}.Debug|ARM.Build.0 = Debug|iPhone
		{10FAA333-F0EB-4739-8137-55F96EB7275D}.Debug|ARM.Deploy.0 = Debug|iPhone
		{10FAA333-F0EB-4739-8137-55F96EB7275D}.Debug|iPhone.ActiveCfg = Debug|iPhone
		{10FAA333-F0EB-4739-8137-55F96EB7275D}.Debug|iPhone.Build.0 = Debug|iPhone
		{10FAA333-F0EB-4739-8137-55F96EB7275D}.Debug|iPhone.Deploy.0 = Debug|iPhone
		{10FAA333-F0EB-4739-8137-55F96EB7275D}.Debug|iPhoneSimulator.ActiveCfg = Debug|iPhoneSimulator
		{10FAA333-F0EB-4739-8137-55F96EB7275D}.Debug|iPhoneSimulator.Build.0 = Debug|iPhoneSimulator
		{10FAA333-F0EB-4739-8137-55F96EB7275D}.Debug|iPhoneSimulator.Deploy.0 = Debug|iPhoneSimulator
		{10FAA333-F0EB-4739-8137-55F96EB7275D}.Debug|x64.ActiveCfg = Debug|iPhone
		{10FAA333-F0EB-4739-8137-55F96EB7275D}.Debug|x64.Build.0 = Debug|iPhone
		{10FAA333-F0EB-4739-8137-55F96EB7275D}.Debug|x64.Deploy.0 = Debug|iPhone
		{10FAA333-F0EB-4739-8137-55F96EB7275D}.Debug|x86.ActiveCfg = Debug|iPhone
		{10FAA333-F0EB-4739-8137-55F96EB7275D}.Debug|x86.Build.0 = Debug|iPhone
		{10FAA333-F0EB-4739-8137-55F96EB7275D}.Debug|x86.Deploy.0 = Debug|iPhone
		{10FAA333-F0EB-4739-8137-55F96EB7275D}.Release|Any CPU.ActiveCfg = Release|iPhone
		{10FAA333-F0EB-4739-8137-55F96EB7275D}.Release|Any CPU.Build.0 = Release|iPhone
		{10FAA333-F0EB-4739-8137-55F96EB7275D}.Release|Any CPU.Deploy.0 = Release|iPhone
		{10FAA333-F0EB-4739-8137-55F96EB7275D}.Release|ARM.ActiveCfg = Release|iPhone
		{10FAA333-F0EB-4739-8137-55F96EB7275D}.Release|ARM.Build.0 = Release|iPhone
		{10FAA333-F0EB-4739-8137-55F96EB7275D}.Release|ARM.Deploy.0 = Release|iPhone
		{10FAA333-F0EB-4739-8137-55F96EB7275D}.Release|iPhone.ActiveCfg = Release|iPhone
		{10FAA333-F0EB-4739-8137-55F96EB7275D}.Release|iPhone.Build.0 = Release|iPhone
		{10FAA333-F0EB-4739-8137-55F96EB7275D}.Release|iPhone.Deploy.0 = Release|iPhone
		{10FAA333-F0EB-4739-8137-55F96EB7275D}.Release|iPhoneSimulator.ActiveCfg = Release|iPhoneSimulator
		{10FAA333-F0EB-4739-8137-55F96EB7275D}.Release|iPhoneSimulator.Build.0 = Release|iPhoneSimulator
		{10FAA333-F0EB-4739-8137-55F96EB7275D}.Release|iPhoneSimulator.Deploy.0 = Release|iPhoneSimulator
		{10FAA333-F0EB-4739-8137-55F96EB7275D}.Release|x64.ActiveCfg = Release|iPhone
		{10FAA333-F0EB-4739-8137-55F96EB7275D}.Release|x64.Build.0 = Release|iPhone
		{10FAA333-F0EB-4739-8137-55F96EB7275D}.Release|x64.Deploy.0 = Release|iPhone
		{10FAA333-F0EB-4739-8137-55F96EB7275D}.Release|x86.ActiveCfg = Release|iPhone
		{10FAA333-F0EB-4739-8137-55F96EB7275D}.Release|x86.Build.0 = Release|iPhone
		{10FAA333-F0EB-4739-8137-55F96EB7275D}.Release|x86.Deploy.0 = Release|iPhone
		{B0F6D3FB-B090-4899-9417-A132C6CFF0E3}.Ad-Hoc|Any CPU.ActiveCfg = Release|x86
		{B0F6D3FB-B090-4899-9417-A132C6CFF0E3}.Ad-Hoc|Any CPU.Build.0 = Release|x86
		{B0F6D3FB-B090-4899-9417-A132C6CFF0E3}.Ad-Hoc|Any CPU.Deploy.0 = Release|x86
		{B0F6D3FB-B090-4899-9417-A132C6CFF0E3}.Ad-Hoc|ARM.ActiveCfg = Release|ARM
		{B0F6D3FB-B090-4899-9417-A132C6CFF0E3}.Ad-Hoc|ARM.Build.0 = Release|ARM
		{B0F6D3FB-B090-4899-9417-A132C6CFF0E3}.Ad-Hoc|ARM.Deploy.0 = Release|ARM
		{B0F6D3FB-B090-4899-9417-A132C6CFF0E3}.Ad-Hoc|iPhone.ActiveCfg = Release|x86
		{B0F6D3FB-B090-4899-9417-A132C6CFF0E3}.Ad-Hoc|iPhone.Build.0 = Release|x86
		{B0F6D3FB-B090-4899-9417-A132C6CFF0E3}.Ad-Hoc|iPhone.Deploy.0 = Release|x86
		{B0F6D3FB-B090-4899-9417-A132C6CFF0E3}.Ad-Hoc|iPhoneSimulator.ActiveCfg = Release|x86
		{B0F6D3FB-B090-4899-9417-A132C6CFF0E3}.Ad-Hoc|iPhoneSimulator.Build.0 = Release|x86
		{B0F6D3FB-B090-4899-9417-A132C6CFF0E3}.Ad-Hoc|iPhoneSimulator.Deploy.0 = Release|x86
		{B0F6D3FB-B090-4899-9417-A132C6CFF0E3}.Ad-Hoc|x64.ActiveCfg = Release|x64
		{B0F6D3FB-B090-4899-9417-A132C6CFF0E3}.Ad-Hoc|x64.Build.0 = Release|x64
		{B0F6D3FB-B090-4899-9417-A132C6CFF0E3}.Ad-Hoc|x64.Deploy.0 = Release|x64
		{B0F6D3FB-B090-4899-9417-A132C6CFF0E3}.Ad-Hoc|x86.ActiveCfg = Release|x86
		{B0F6D3FB-B090-4899-9417-A132C6CFF0E3}.Ad-Hoc|x86.Build.0 = Release|x86
		{B0F6D3FB-B090-4899-9417-A132C6CFF0E3}.Ad-Hoc|x86.Deploy.0 = Release|x86
		{B0F6D3FB-B090-4899-9417-A132C6CFF0E3}.AppStore|Any CPU.ActiveCfg = Release|x86
		{B0F6D3FB-B090-4899-9417-A132C6CFF0E3}.AppStore|Any CPU.Build.0 = Release|x86
		{B0F6D3FB-B090-4899-9417-A132C6CFF0E3}.AppStore|Any CPU.Deploy.0 = Release|x86
		{B0F6D3FB-B090-4899-9417-A132C6CFF0E3}.AppStore|ARM.ActiveCfg = Release|ARM
		{B0F6D3FB-B090-4899-9417-A132C6CFF0E3}.AppStore|ARM.Build.0 = Release|ARM
		{B0F6D3FB-B090-4899-9417-A132C6CFF0E3}.AppStore|ARM.Deploy.0 = Release|ARM
		{B0F6D3FB-B090-4899-9417-A132C6CFF0E3}.AppStore|iPhone.ActiveCfg = Release|x86
		{B0F6D3FB-B090-4899-9417-A132C6CFF0E3}.AppStore|iPhone.Build.0 = Release|x86
		{B0F6D3FB-B090-4899-9417-A132C6CFF0E3}.AppStore|iPhone.Deploy.0 = Release|x86
		{B0F6D3FB-B090-4899-9417-A132C6CFF0E3}.AppStore|iPhoneSimulator.ActiveCfg = Release|x86
		{B0F6D3FB-B090-4899-9417-A132C6CFF0E3}.AppStore|iPhoneSimulator.Build.0 = Release|x86
		{B0F6D3FB-B090-4899-9417-A132C6CFF0E3}.AppStore|iPhoneSimulator.Deploy.0 = Release|x86
		{B0F6D3FB-B090-4899-9417-A132C6CFF0E3}.AppStore|x64.ActiveCfg = Release|x64
		{B0F6D3FB-B090-4899-9417-A132C6CFF0E3}.AppStore|x64.Build.0 = Release|x64
		{B0F6D3FB-B090-4899-9417-A132C6CFF0E3}.AppStore|x64.Deploy.0 = Release|x64
		{B0F6D3FB-B090-4899-9417-A132C6CFF0E3}.AppStore|x86.ActiveCfg = Release|x86
		{B0F6D3FB-B090-4899-9417-A132C6CFF0E3}.AppStore|x86.Build.0 = Release|x86
		{B0F6D3FB-B090-4899-9417-A132C6CFF0E3}.AppStore|x86.Deploy.0 = Release|x86
		{B0F6D3FB-B090-4899-9417-A132C6CFF0E3}.Debug|Any CPU.ActiveCfg = Debug|x86
		{B0F6D3FB-B090-4899-9417-A132C6CFF0E3}.Debug|Any CPU.Build.0 = Debug|x86
		{B0F6D3FB-B090-4899-9417-A132C6CFF0E3}.Debug|Any CPU.Deploy.0 = Debug|x86
		{B0F6D3FB-B090-4899-9417-A132C6CFF0E3}.Debug|ARM.ActiveCfg = Debug|ARM
		{B0F6D3FB-B090-4899-9417-A132C6CFF0E3}.Debug|ARM.Build.0 = Debug|ARM
		{B0F6D3FB-B090-4899-9417-A132C6CFF0E3}.Debug|ARM.Deploy.0 = Debug|ARM
		{B0F6D3FB-B090-4899-9417-A132C6CFF0E3}.Debug|iPhone.ActiveCfg = Debug|x86
		{B0F6D3FB-B090-4899-9417-A132C6CFF0E3}.Debug|iPhone.Build.0 = Debug|x86
		{B0F6D3FB-B090-4899-9417-A132C6CFF0E3}.Debug|iPhone.Deploy.0 = Debug|x86
		{B0F6D3FB-B090-4899-9417-A132C6CFF0E3}.Debug|iPhoneSimulator.ActiveCfg = Debug|x86
		{B0F6D3FB-B090-4899-9417-A132C6CFF0E3}.Debug|iPhoneSimulator.Build.0 = Debug|x86
		{B0F6D3FB-B090-4899-9417-A132C6CFF0E3}.Debug|iPhoneSimulator.Deploy.0 = Debug|x86
		{B0F6D3FB-B090-4899-9417-A132C6CFF0E3}.Debug|x64.ActiveCfg = Debug|x64
		{B0F6D3FB-B090-4899-9417-A132C6CFF0E3}.Debug|x64.Build.0 = Debug|x64
		{B0F6D3FB-B090-4899-9417-A132C6CFF0E3}.Debug|x64.Deploy.0 = Debug|x64
		{B0F6D3FB-B090-4899-9417-A132C6CFF0E3}.Debug|x86.ActiveCfg = Debug|x86
		{B0F6D3FB-B090-4899-9417-A132C6CFF0E3}.Debug|x86.Build.0 = Debug|x86
		{B0F6D3FB-B090-4899-9417-A132C6CFF0E3}.Debug|x86.Deploy.0 = Debug|x86
		{B0F6D3FB-B090-4899-9417-A132C6CFF0E3}.Release|Any CPU.ActiveCfg = Release|x86
		{B0F6D3FB-B090-4899-9417-A132C6CFF0E3}.Release|Any CPU.Build.0 = Release|x86
		{B0F6D3FB-B090-4899-9417-A132C6CFF0E3}.Release|Any CPU.Deploy.0 = Release|x86
		{B0F6D3FB-B090-4899-9417-A132C6CFF0E3}.Release|ARM.ActiveCfg = Release|ARM
		{B0F6D3FB-B090-4899-9417-A132C6CFF0E3}.Release|ARM.Build.0 = Release|ARM
		{B0F6D3FB-B090-4899-9417-A132C6CFF0E3}.Release|ARM.Deploy.0 = Release|ARM
		{B0F6D3FB-B090-4899-9417-A132C6CFF0E3}.Release|iPhone.ActiveCfg = Release|x86
		{B0F6D3FB-B090-4899-9417-A132C6CFF0E3}.Release|iPhone.Build.0 = Release|x86
		{B0F6D3FB-B090-4899-9417-A132C6CFF0E3}.Release|iPhone.Deploy.0 = Release|x86
		{B0F6D3FB-B090-4899-9417-A132C6CFF0E3}.Release|iPhoneSimulator.ActiveCfg = Release|x86
		{B0F6D3FB-B090-4899-9417-A132C6CFF0E3}.Release|iPhoneSimulator.Build.0 = Release|x86
		{B0F6D3FB-B090-4899-9417-A132C6CFF0E3}.Release|iPhoneSimulator.Deploy.0 = Release|x86
		{B0F6D3FB-B090-4899-9417-A132C6CFF0E3}.Release|x64.ActiveCfg = Release|x64
		{B0F6D3FB-B090-4899-9417-A132C6CFF0E3}.Release|x64.Build.0 = Release|x64
		{B0F6D3FB-B090-4899-9417-A132C6CFF0E3}.Release|x64.Deploy.0 = Release|x64
		{B0F6D3FB-B090-4899-9417-A132C6CFF0E3}.Release|x86.ActiveCfg = Release|x86
		{B0F6D3FB-B090-4899-9417-A132C6CFF0E3}.Release|x86.Build.0 = Release|x86
		{B0F6D3FB-B090-4899-9417-A132C6CFF0E3}.Release|x86.Deploy.0 = Release|x86
		{880C7C52-A81F-4255-98C1-ECCD682ECA13}.Ad-Hoc|Any CPU.ActiveCfg = Debug|Any CPU
		{880C7C52-A81F-4255-98C1-ECCD682ECA13}.Ad-Hoc|Any CPU.Build.0 = Debug|Any CPU
		{880C7C52-A81F-4255-98C1-ECCD682ECA13}.Ad-Hoc|Any CPU.Deploy.0 = Debug|Any CPU
		{880C7C52-A81F-4255-98C1-ECCD682ECA13}.Ad-Hoc|ARM.ActiveCfg = Debug|Any CPU
		{880C7C52-A81F-4255-98C1-ECCD682ECA13}.Ad-Hoc|ARM.Build.0 = Debug|Any CPU
		{880C7C52-A81F-4255-98C1-ECCD682ECA13}.Ad-Hoc|ARM.Deploy.0 = Debug|Any CPU
		{880C7C52-A81F-4255-98C1-ECCD682ECA13}.Ad-Hoc|iPhone.ActiveCfg = Debug|Any CPU
		{880C7C52-A81F-4255-98C1-ECCD682ECA13}.Ad-Hoc|iPhone.Build.0 = Debug|Any CPU
		{880C7C52-A81F-4255-98C1-ECCD682ECA13}.Ad-Hoc|iPhone.Deploy.0 = Debug|Any CPU
		{880C7C52-A81F-4255-98C1-ECCD682ECA13}.Ad-Hoc|iPhoneSimulator.ActiveCfg = Debug|Any CPU
		{880C7C52-A81F-4255-98C1-ECCD682ECA13}.Ad-Hoc|iPhoneSimulator.Build.0 = Debug|Any CPU
		{880C7C52-A81F-4255-98C1-ECCD682ECA13}.Ad-Hoc|iPhoneSimulator.Deploy.0 = Debug|Any CPU
		{880C7C52-A81F-4255-98C1-ECCD682ECA13}.Ad-Hoc|x64.ActiveCfg = Debug|Any CPU
		{880C7C52-A81F-4255-98C1-ECCD682ECA13}.Ad-Hoc|x64.Build.0 = Debug|Any CPU
		{880C7C52-A81F-4255-98C1-ECCD682ECA13}.Ad-Hoc|x64.Deploy.0 = Debug|Any CPU
		{880C7C52-A81F-4255-98C1-ECCD682ECA13}.Ad-Hoc|x86.ActiveCfg = Debug|Any CPU
		{880C7C52-A81F-4255-98C1-ECCD682ECA13}.Ad-Hoc|x86.Build.0 = Debug|Any CPU
		{880C7C52-A81F-4255-98C1-ECCD682ECA13}.Ad-Hoc|x86.Deploy.0 = Debug|Any CPU
		{880C7C52-A81F-4255-98C1-ECCD682ECA13}.AppStore|Any CPU.ActiveCfg = Debug|Any CPU
		{880C7C52-A81F-4255-98C1-ECCD682ECA13}.AppStore|Any CPU.Build.0 = Debug|Any CPU
		{880C7C52-A81F-4255-98C1-ECCD682ECA13}.AppStore|Any CPU.Deploy.0 = Debug|Any CPU
		{880C7C52-A81F-4255-98C1-ECCD682ECA13}.AppStore|ARM.ActiveCfg = Debug|Any CPU
		{880C7C52-A81F-4255-98C1-ECCD682ECA13}.AppStore|ARM.Build.0 = Debug|Any CPU
		{880C7C52-A81F-4255-98C1-ECCD682ECA13}.AppStore|ARM.Deploy.0 = Debug|Any CPU
		{880C7C52-A81F-4255-98C1-ECCD682ECA13}.AppStore|iPhone.ActiveCfg = Debug|Any CPU
		{880C7C52-A81F-4255-98C1-ECCD682ECA13}.AppStore|iPhone.Build.0 = Debug|Any CPU
		{880C7C52-A81F-4255-98C1-ECCD682ECA13}.AppStore|iPhone.Deploy.0 = Debug|Any CPU
		{880C7C52-A81F-4255-98C1-ECCD682ECA13}.AppStore|iPhoneSimulator.ActiveCfg = Debug|Any CPU
		{880C7C52-A81F-4255-98C1-ECCD682ECA13}.AppStore|iPhoneSimulator.Build.0 = Debug|Any CPU
		{880C7C52-A81F-4255-98C1-ECCD682ECA13}.AppStore|iPhoneSimulator.Deploy.0 = Debug|Any CPU
		{880C7C52-A81F-4255-98C1-ECCD682ECA13}.AppStore|x64.ActiveCfg = Debug|Any CPU
		{880C7C52-A81F-4255-98C1-ECCD682ECA13}.AppStore|x64.Build.0 = Debug|Any CPU
		{880C7C52-A81F-4255-98C1-ECCD682ECA13}.AppStore|x64.Deploy.0 = Debug|Any CPU
		{880C7C52-A81F-4255-98C1-ECCD682ECA13}.AppStore|x86.ActiveCfg = Debug|Any CPU
		{880C7C52-A81F-4255-98C1-ECCD682ECA13}.AppStore|x86.Build.0 = Debug|Any CPU
		{880C7C52-A81F-4255-98C1-ECCD682ECA13}.AppStore|x86.Deploy.0 = Debug|Any CPU
		{880C7C52-A81F-4255-98C1-ECCD682ECA13}.Debug|Any CPU.ActiveCfg = Debug|Any CPU
		{880C7C52-A81F-4255-98C1-ECCD682ECA13}.Debug|Any CPU.Build.0 = Debug|Any CPU
		{880C7C52-A81F-4255-98C1-ECCD682ECA13}.Debug|Any CPU.Deploy.0 = Debug|Any CPU
		{880C7C52-A81F-4255-98C1-ECCD682ECA13}.Debug|ARM.ActiveCfg = Debug|Any CPU
		{880C7C52-A81F-4255-98C1-ECCD682ECA13}.Debug|ARM.Build.0 = Debug|Any CPU
		{880C7C52-A81F-4255-98C1-ECCD682ECA13}.Debug|ARM.Deploy.0 = Debug|Any CPU
		{880C7C52-A81F-4255-98C1-ECCD682ECA13}.Debug|iPhone.ActiveCfg = Debug|Any CPU
		{880C7C52-A81F-4255-98C1-ECCD682ECA13}.Debug|iPhone.Build.0 = Debug|Any CPU
		{880C7C52-A81F-4255-98C1-ECCD682ECA13}.Debug|iPhone.Deploy.0 = Debug|Any CPU
		{880C7C52-A81F-4255-98C1-ECCD682ECA13}.Debug|iPhoneSimulator.ActiveCfg = Debug|Any CPU
		{880C7C52-A81F-4255-98C1-ECCD682ECA13}.Debug|iPhoneSimulator.Build.0 = Debug|Any CPU
		{880C7C52-A81F-4255-98C1-ECCD682ECA13}.Debug|iPhoneSimulator.Deploy.0 = Debug|Any CPU
		{880C7C52-A81F-4255-98C1-ECCD682ECA13}.Debug|x64.ActiveCfg = Debug|Any CPU
		{880C7C52-A81F-4255-98C1-ECCD682ECA13}.Debug|x64.Build.0 = Debug|Any CPU
		{880C7C52-A81F-4255-98C1-ECCD682ECA13}.Debug|x64.Deploy.0 = Debug|Any CPU
		{880C7C52-A81F-4255-98C1-ECCD682ECA13}.Debug|x86.ActiveCfg = Debug|Any CPU
		{880C7C52-A81F-4255-98C1-ECCD682ECA13}.Debug|x86.Build.0 = Debug|Any CPU
		{880C7C52-A81F-4255-98C1-ECCD682ECA13}.Debug|x86.Deploy.0 = Debug|Any CPU
		{880C7C52-A81F-4255-98C1-ECCD682ECA13}.Release|Any CPU.ActiveCfg = Release|Any CPU
		{880C7C52-A81F-4255-98C1-ECCD682ECA13}.Release|Any CPU.Build.0 = Release|Any CPU
		{880C7C52-A81F-4255-98C1-ECCD682ECA13}.Release|Any CPU.Deploy.0 = Release|Any CPU
		{880C7C52-A81F-4255-98C1-ECCD682ECA13}.Release|ARM.ActiveCfg = Release|Any CPU
		{880C7C52-A81F-4255-98C1-ECCD682ECA13}.Release|ARM.Build.0 = Release|Any CPU
		{880C7C52-A81F-4255-98C1-ECCD682ECA13}.Release|ARM.Deploy.0 = Release|Any CPU
		{880C7C52-A81F-4255-98C1-ECCD682ECA13}.Release|iPhone.ActiveCfg = Release|Any CPU
		{880C7C52-A81F-4255-98C1-ECCD682ECA13}.Release|iPhone.Build.0 = Release|Any CPU
		{880C7C52-A81F-4255-98C1-ECCD682ECA13}.Release|iPhone.Deploy.0 = Release|Any CPU
		{880C7C52-A81F-4255-98C1-ECCD682ECA13}.Release|iPhoneSimulator.ActiveCfg = Release|Any CPU
		{880C7C52-A81F-4255-98C1-ECCD682ECA13}.Release|iPhoneSimulator.Build.0 = Release|Any CPU
		{880C7C52-A81F-4255-98C1-ECCD682ECA13}.Release|iPhoneSimulator.Deploy.0 = Release|Any CPU
		{880C7C52-A81F-4255-98C1-ECCD682ECA13}.Release|x64.ActiveCfg = Release|Any CPU
		{880C7C52-A81F-4255-98C1-ECCD682ECA13}.Release|x64.Build.0 = Release|Any CPU
		{880C7C52-A81F-4255-98C1-ECCD682ECA13}.Release|x64.Deploy.0 = Release|Any CPU
		{880C7C52-A81F-4255-98C1-ECCD682ECA13}.Release|x86.ActiveCfg = Release|Any CPU
		{880C7C52-A81F-4255-98C1-ECCD682ECA13}.Release|x86.Build.0 = Release|Any CPU
		{880C7C52-A81F-4255-98C1-ECCD682ECA13}.Release|x86.Deploy.0 = Release|Any CPU
	EndGlobalSection
	GlobalSection(SolutionProperties) = preSolution
		HideSolutionNode = FALSE
	EndGlobalSection
	GlobalSection(ExtensibilityGlobals) = postSolution
		SolutionGuid = {6382AAF2-353F-4A6A-8EDF-BF806A3B5F04}
	EndGlobalSection
EndGlobal
